
Microsoft Visual Studio Solution File, Format Version 12.00
# Visual Studio Version 17
VisualStudioVersion = 17.0.31903.59
MinimumVisualStudioVersion = 10.0.40219.1
Project("{FAE04EC0-301F-11D3-BF4B-00C04F79EFBC}") = "Lab4_SWE4201", "Lab4_SWE4201.csproj", "{46ECE82A-06D9-4E4A-8577-7969AF525FF3}"
EndProject
Global
	GlobalSection(SolutionConfigurationPlatforms) = preSolution
		Debug|Any CPU = Debug|Any CPU
		Release|Any CPU = Release|Any CPU
	EndGlobalSection
	GlobalSection(ProjectConfigurationPlatforms) = postSolution
		{46ECE82A-06D9-4E4A-8577-7969AF525FF3}.Debug|Any CPU.ActiveCfg = Debug|Any CPU
		{46ECE82A-06D9-4E4A-8577-7969AF525FF3}.Debug|Any CPU.Build.0 = Debug|Any CPU
		{46ECE82A-06D9-4E4A-8577-7969AF525FF3}.Release|Any CPU.ActiveCfg = Release|Any CPU
		{46ECE82A-06D9-4E4A-8577-7969AF525FF3}.Release|Any CPU.Build.0 = Release|Any CPU
	EndGlobalSection
	GlobalSection(SolutionProperties) = preSolution
		HideSolutionNode = FALSE
	EndGlobalSection
	GlobalSection(ExtensibilityGlobals) = postSolution
		SolutionGuid = {9BA07716-FA32-457A-A560-3536F21A8F9B}
	EndGlobalSection
EndGlobal
