
Microsoft Visual Studio Solution File, Format Version 12.00
# Visual Studio Version 17
VisualStudioVersion = 17.0.31903.59
MinimumVisualStudioVersion = 10.0.40219.1
Project("{FAE04EC0-301F-11D3-BF4B-00C04F79EFBC}") = "LAB3_SWE4201", "LAB3_SWE4201.csproj", "{68A4EA75-BFE8-45C1-BD5F-C102E7BA5AFB}"
EndProject
Global
	GlobalSection(SolutionConfigurationPlatforms) = preSolution
		Debug|Any CPU = Debug|Any CPU
		Release|Any CPU = Release|Any CPU
	EndGlobalSection
	GlobalSection(ProjectConfigurationPlatforms) = postSolution
		{68A4EA75-BFE8-45C1-BD5F-C102E7BA5AFB}.Debug|Any CPU.ActiveCfg = Debug|Any CPU
		{68A4EA75-BFE8-45C1-BD5F-C102E7BA5AFB}.Debug|Any CPU.Build.0 = Debug|Any CPU
		{68A4EA75-BFE8-45C1-BD5F-C102E7BA5AFB}.Release|Any CPU.ActiveCfg = Release|Any CPU
		{68A4EA75-BFE8-45C1-BD5F-C102E7BA5AFB}.Release|Any CPU.Build.0 = Release|Any CPU
	EndGlobalSection
	GlobalSection(SolutionProperties) = preSolution
		HideSolutionNode = FALSE
	EndGlobalSection
	GlobalSection(ExtensibilityGlobals) = postSolution
		SolutionGuid = {8C870F0B-AC17-4004-80B3-DEEAD0FC6E45}
	EndGlobalSection
EndGlobal
